
Microsoft Visual Studio Solution File, Format Version 12.00
# Visual Studio Version 16
VisualStudioVersion = 16.0.30611.23
MinimumVisualStudioVersion = 10.0.40219.1
Project("{FAE04EC0-301F-11D3-BF4B-00C04F79EFBC}") = "XUnitUserTestProject", "XUnitUserTestProject\XUnitUserTestProject.csproj", "{329E0BC0-7B5B-4558-9A24-386711A183EC}"
EndProject
Global
	GlobalSection(SolutionConfigurationPlatforms) = preSolution
		Debug|Any CPU = Debug|Any CPU
		Release|Any CPU = Release|Any CPU
	EndGlobalSection
	GlobalSection(ProjectConfigurationPlatforms) = postSolution
		{329E0BC0-7B5B-4558-9A24-386711A183EC}.Debug|Any CPU.ActiveCfg = Debug|Any CPU
		{329E0BC0-7B5B-4558-9A24-386711A183EC}.Debug|Any CPU.Build.0 = Debug|Any CPU
		{329E0BC0-7B5B-4558-9A24-386711A183EC}.Release|Any CPU.ActiveCfg = Release|Any CPU
		{329E0BC0-7B5B-4558-9A24-386711A183EC}.Release|Any CPU.Build.0 = Release|Any CPU
	EndGlobalSection
	GlobalSection(SolutionProperties) = preSolution
		HideSolutionNode = FALSE
	EndGlobalSection
	GlobalSection(ExtensibilityGlobals) = postSolution
		SolutionGuid = {98A6ABFD-6A22-41AC-A63F-5C859225B346}
	EndGlobalSection
EndGlobal
